
Microsoft Visual Studio Solution File, Format Version 12.00
# Visual Studio Version 17
VisualStudioVersion = 17.5.002.0
MinimumVisualStudioVersion = 10.0.40219.1
Project("{9A19103F-16F7-4668-BE54-9A1E7A4F7556}") = "BethanysPieShopHRM.Api", "BethanysPieShopHRM.Api.csproj", "{0CF09328-8FC2-4764-B8E8-78CDB5E13000}"
EndProject
Global
	GlobalSection(SolutionConfigurationPlatforms) = preSolution
		Debug|Any CPU = Debug|Any CPU
		Release|Any CPU = Release|Any CPU
	EndGlobalSection
	GlobalSection(ProjectConfigurationPlatforms) = postSolution
		{0CF09328-8FC2-4764-B8E8-78CDB5E13000}.Debug|Any CPU.ActiveCfg = Debug|Any CPU
		{0CF09328-8FC2-4764-B8E8-78CDB5E13000}.Debug|Any CPU.Build.0 = Debug|Any CPU
		{0CF09328-8FC2-4764-B8E8-78CDB5E13000}.Release|Any CPU.ActiveCfg = Release|Any CPU
		{0CF09328-8FC2-4764-B8E8-78CDB5E13000}.Release|Any CPU.Build.0 = Release|Any CPU
	EndGlobalSection
	GlobalSection(SolutionProperties) = preSolution
		HideSolutionNode = FALSE
	EndGlobalSection
	GlobalSection(ExtensibilityGlobals) = postSolution
		SolutionGuid = {A1E83E82-AC4B-42F9-9AE4-A8B830EAD178}
	EndGlobalSection
EndGlobal
